
Microsoft Visual Studio Solution File, Format Version 12.00
Project("{FAE04EC0-301F-11D3-BF4B-00C04F79EFBC}") = "AdventOfCode2024-01", "AdventOfCode2024-01.csproj", "{2DD578D5-1E97-41FD-9B25-48E789545270}"
EndProject
Project("{FAE04EC0-301F-11D3-BF4B-00C04F79EFBC}") = "AdventOfCode2024-02", "AdventOfCode2024-02\AdventOfCode2024-02.csproj", "{467ACB0E-C95A-4A1A-A299-34ADEE87B316}"
EndProject
Global
	GlobalSection(SolutionConfigurationPlatforms) = preSolution
		Debug|Any CPU = Debug|Any CPU
		Release|Any CPU = Release|Any CPU
	EndGlobalSection
	GlobalSection(ProjectConfigurationPlatforms) = postSolution
		{2DD578D5-1E97-41FD-9B25-48E789545270}.Debug|Any CPU.ActiveCfg = Debug|Any CPU
		{2DD578D5-1E97-41FD-9B25-48E789545270}.Debug|Any CPU.Build.0 = Debug|Any CPU
		{2DD578D5-1E97-41FD-9B25-48E789545270}.Release|Any CPU.ActiveCfg = Release|Any CPU
		{2DD578D5-1E97-41FD-9B25-48E789545270}.Release|Any CPU.Build.0 = Release|Any CPU
		{467ACB0E-C95A-4A1A-A299-34ADEE87B316}.Debug|Any CPU.ActiveCfg = Debug|Any CPU
		{467ACB0E-C95A-4A1A-A299-34ADEE87B316}.Debug|Any CPU.Build.0 = Debug|Any CPU
		{467ACB0E-C95A-4A1A-A299-34ADEE87B316}.Release|Any CPU.ActiveCfg = Release|Any CPU
		{467ACB0E-C95A-4A1A-A299-34ADEE87B316}.Release|Any CPU.Build.0 = Release|Any CPU
	EndGlobalSection
EndGlobal
